
Microsoft Visual Studio Solution File, Format Version 12.00
# Visual Studio Version 17
VisualStudioVersion = 17.12.35527.113
MinimumVisualStudioVersion = 10.0.40219.1
Project("{8BC9CEB8-8B4A-11D0-8D11-00A0C91BC942}") = "Shooting3", "Shooting3.vcxproj", "{A4F5DC3C-BD1D-4BC5-8D5E-6C05DF9A6E5B}"
	ProjectSection(ProjectDependencies) = postProject
		{FD3FB69A-7919-40AD-A16D-50E2546A4A6C} = {FD3FB69A-7919-40AD-A16D-50E2546A4A6C}
	EndProjectSection
EndProject
Project("{8BC9CEB8-8B4A-11D0-8D11-00A0C91BC942}") = "ShootingLib", "..\ShootingLib\ShootingLib.vcxproj", "{FD3FB69A-7919-40AD-A16D-50E2546A4A6C}"
EndProject
Project("{8BC9CEB8-8B4A-11D0-8D11-00A0C91BC942}") = "ShootingTest", "..\ShootingTest\ShootingTest.vcxproj", "{05C16A2D-623C-4A00-806C-8928BD038C57}"
EndProject
Project("{2150E333-8FDC-42A3-9474-1A3956D46DE8}") = "Solution Items", "Solution Items", "{304F767D-4D99-405C-A00B-1361998B2EAA}"
	ProjectSection(SolutionItems) = preProject
		.editorconfig = .editorconfig
	EndProjectSection
EndProject
Global
	GlobalSection(SolutionConfigurationPlatforms) = preSolution
		Debug|x64 = Debug|x64
		Debug|x86 = Debug|x86
		Release|x64 = Release|x64
		Release|x86 = Release|x86
	EndGlobalSection
	GlobalSection(ProjectConfigurationPlatforms) = postSolution
		{A4F5DC3C-BD1D-4BC5-8D5E-6C05DF9A6E5B}.Debug|x64.ActiveCfg = Debug|x64
		{A4F5DC3C-BD1D-4BC5-8D5E-6C05DF9A6E5B}.Debug|x64.Build.0 = Debug|x64
		{A4F5DC3C-BD1D-4BC5-8D5E-6C05DF9A6E5B}.Debug|x86.ActiveCfg = Debug|Win32
		{A4F5DC3C-BD1D-4BC5-8D5E-6C05DF9A6E5B}.Debug|x86.Build.0 = Debug|Win32
		{A4F5DC3C-BD1D-4BC5-8D5E-6C05DF9A6E5B}.Release|x64.ActiveCfg = Release|x64
		{A4F5DC3C-BD1D-4BC5-8D5E-6C05DF9A6E5B}.Release|x64.Build.0 = Release|x64
		{A4F5DC3C-BD1D-4BC5-8D5E-6C05DF9A6E5B}.Release|x86.ActiveCfg = Release|Win32
		{A4F5DC3C-BD1D-4BC5-8D5E-6C05DF9A6E5B}.Release|x86.Build.0 = Release|Win32
		{FD3FB69A-7919-40AD-A16D-50E2546A4A6C}.Debug|x64.ActiveCfg = Debug|x64
		{FD3FB69A-7919-40AD-A16D-50E2546A4A6C}.Debug|x64.Build.0 = Debug|x64
		{FD3FB69A-7919-40AD-A16D-50E2546A4A6C}.Debug|x86.ActiveCfg = Debug|Win32
		{FD3FB69A-7919-40AD-A16D-50E2546A4A6C}.Debug|x86.Build.0 = Debug|Win32
		{FD3FB69A-7919-40AD-A16D-50E2546A4A6C}.Release|x64.ActiveCfg = Release|x64
		{FD3FB69A-7919-40AD-A16D-50E2546A4A6C}.Release|x64.Build.0 = Release|x64
		{FD3FB69A-7919-40AD-A16D-50E2546A4A6C}.Release|x86.ActiveCfg = Release|Win32
		{FD3FB69A-7919-40AD-A16D-50E2546A4A6C}.Release|x86.Build.0 = Release|Win32
		{05C16A2D-623C-4A00-806C-8928BD038C57}.Debug|x64.ActiveCfg = Debug|x64
		{05C16A2D-623C-4A00-806C-8928BD038C57}.Debug|x64.Build.0 = Debug|x64
		{05C16A2D-623C-4A00-806C-8928BD038C57}.Debug|x86.ActiveCfg = Debug|Win32
		{05C16A2D-623C-4A00-806C-8928BD038C57}.Debug|x86.Build.0 = Debug|Win32
		{05C16A2D-623C-4A00-806C-8928BD038C57}.Release|x64.ActiveCfg = Release|x64
		{05C16A2D-623C-4A00-806C-8928BD038C57}.Release|x64.Build.0 = Release|x64
		{05C16A2D-623C-4A00-806C-8928BD038C57}.Release|x86.ActiveCfg = Release|Win32
		{05C16A2D-623C-4A00-806C-8928BD038C57}.Release|x86.Build.0 = Release|Win32
	EndGlobalSection
	GlobalSection(SolutionProperties) = preSolution
		HideSolutionNode = FALSE
	EndGlobalSection
	GlobalSection(NestedProjects) = preSolution
		{A4F5DC3C-BD1D-4BC5-8D5E-6C05DF9A6E5B} = {304F767D-4D99-405C-A00B-1361998B2EAA}
	EndGlobalSection
EndGlobal
